
Microsoft Visual Studio Solution File, Format Version 12.00
# Visual Studio 15
VisualStudioVersion = 15.0.26430.13
MinimumVisualStudioVersion = 10.0.40219.1
Project("{FAE04EC0-301F-11D3-BF4B-00C04F79EFBC}") = "Notepad", "Notepad\Notepad.csproj", "{C8302C03-7CCF-451C-A115-2B5A3ABEC61E}"
EndProject
Project("{FAE04EC0-301F-11D3-BF4B-00C04F79EFBC}") = "BasicMVVM", "BasicMVVM\BasicMVVM.csproj", "{710370D1-D225-4F1E-9009-A506B5F9D556}"
EndProject
Global
	GlobalSection(SolutionConfigurationPlatforms) = preSolution
		Debug|Any CPU = Debug|Any CPU
		Release|Any CPU = Release|Any CPU
	EndGlobalSection
	GlobalSection(ProjectConfigurationPlatforms) = postSolution
		{C8302C03-7CCF-451C-A115-2B5A3ABEC61E}.Debug|Any CPU.ActiveCfg = Debug|Any CPU
		{C8302C03-7CCF-451C-A115-2B5A3ABEC61E}.Debug|Any CPU.Build.0 = Debug|Any CPU
		{C8302C03-7CCF-451C-A115-2B5A3ABEC61E}.Release|Any CPU.ActiveCfg = Release|Any CPU
		{C8302C03-7CCF-451C-A115-2B5A3ABEC61E}.Release|Any CPU.Build.0 = Release|Any CPU
		{710370D1-D225-4F1E-9009-A506B5F9D556}.Debug|Any CPU.ActiveCfg = Debug|Any CPU
		{710370D1-D225-4F1E-9009-A506B5F9D556}.Debug|Any CPU.Build.0 = Debug|Any CPU
		{710370D1-D225-4F1E-9009-A506B5F9D556}.Release|Any CPU.ActiveCfg = Release|Any CPU
		{710370D1-D225-4F1E-9009-A506B5F9D556}.Release|Any CPU.Build.0 = Release|Any CPU
	EndGlobalSection
	GlobalSection(SolutionProperties) = preSolution
		HideSolutionNode = FALSE
	EndGlobalSection
EndGlobal
