
Microsoft Visual Studio Solution File, Format Version 12.00
# Visual Studio 15
VisualStudioVersion = 15.0.26430.13
MinimumVisualStudioVersion = 10.0.40219.1
Project("{FAE04EC0-301F-11D3-BF4B-00C04F79EFBC}") = "Notepad", "Notepad\Notepad.csproj", "{C8302C03-7CCF-451C-A115-2B5A3ABEC61E}"
EndProject
Project("{FAE04EC0-301F-11D3-BF4B-00C04F79EFBC}") = "BasicMVVM", "BasicMVVM\BasicMVVM.csproj", "{710370D1-D225-4F1E-9009-A506B5F9D556}"
EndProject
Project("{FAE04EC0-301F-11D3-BF4B-00C04F79EFBC}") = "HelloMVVM", "HelloMVVM\HelloMVVM.csproj", "{BF36BFE0-F692-47FE-AA0B-CFE5331FE5E3}"
EndProject
Project("{FAE04EC0-301F-11D3-BF4B-00C04F79EFBC}") = "NotepadListView", "NotepadListView\NotepadListView.csproj", "{F7012638-1953-4B8F-AFD5-FBDF840A205B}"
EndProject
Project("{FAE04EC0-301F-11D3-BF4B-00C04F79EFBC}") = "NotepadDataContext", "NotepadDataContext\NotepadDataContext.csproj", "{AA6DFEBB-AC3E-4445-89A5-9466EF6A659E}"
EndProject
Project("{FAE04EC0-301F-11D3-BF4B-00C04F79EFBC}") = "DpAndINPC", "DpAndINPC\DpAndINPC.csproj", "{683EAD85-4EE8-4DEE-8341-EBEE1656C709}"
EndProject
Project("{FAE04EC0-301F-11D3-BF4B-00C04F79EFBC}") = "ListBoxTemplateAndStyle", "ListBoxTemplateAndStyle\ListBoxTemplateAndStyle.csproj", "{75B21926-4886-4679-B06F-E603082DCEB6}"
EndProject
Project("{FAE04EC0-301F-11D3-BF4B-00C04F79EFBC}") = "Panels", "Panels\Panels.csproj", "{AF909386-1CB1-4F9C-8EDC-5927D48CE028}"
EndProject
Project("{FAE04EC0-301F-11D3-BF4B-00C04F79EFBC}") = "ContentControlAndControlTemplate", "ContentControlAndControlTemplate\ContentControlAndControlTemplate.csproj", "{DD5CE2BE-A9EA-472D-AAC5-112FCF920101}"
EndProject
Project("{FAE04EC0-301F-11D3-BF4B-00C04F79EFBC}") = "ButtonCommand", "ButtonCommand\ButtonCommand.csproj", "{A37020BD-6869-45FC-8DF9-E9BA0E6243D2}"
EndProject
Project("{FAE04EC0-301F-11D3-BF4B-00C04F79EFBC}") = "InteractivityAndCommand", "InteractivityAndCommand\InteractivityAndCommand.csproj", "{CC813370-7278-4B93-9B72-C5D6F3B473A0}"
EndProject
Project("{FAE04EC0-301F-11D3-BF4B-00C04F79EFBC}") = "UsageOfConverter", "UsageOfConverter\UsageOfConverter.csproj", "{74860509-182D-4E81-9C13-0AB77402D6F7}"
EndProject
Project("{FAE04EC0-301F-11D3-BF4B-00C04F79EFBC}") = "HelloMvvmLight", "HelloMvvmLight\HelloMvvmLight.csproj", "{93EC864B-BE0E-4877-88DC-2E1621585370}"
EndProject
Project("{FAE04EC0-301F-11D3-BF4B-00C04F79EFBC}") = "MvvmLightSample", "MvvmLightSample\MvvmLightSample.csproj", "{D9891A30-9112-4FD0-8242-0191D2A3F3FB}"
EndProject
Global
	GlobalSection(SolutionConfigurationPlatforms) = preSolution
		Debug|Any CPU = Debug|Any CPU
		Release|Any CPU = Release|Any CPU
	EndGlobalSection
	GlobalSection(ProjectConfigurationPlatforms) = postSolution
		{C8302C03-7CCF-451C-A115-2B5A3ABEC61E}.Debug|Any CPU.ActiveCfg = Debug|Any CPU
		{C8302C03-7CCF-451C-A115-2B5A3ABEC61E}.Debug|Any CPU.Build.0 = Debug|Any CPU
		{C8302C03-7CCF-451C-A115-2B5A3ABEC61E}.Release|Any CPU.ActiveCfg = Release|Any CPU
		{C8302C03-7CCF-451C-A115-2B5A3ABEC61E}.Release|Any CPU.Build.0 = Release|Any CPU
		{710370D1-D225-4F1E-9009-A506B5F9D556}.Debug|Any CPU.ActiveCfg = Debug|Any CPU
		{710370D1-D225-4F1E-9009-A506B5F9D556}.Debug|Any CPU.Build.0 = Debug|Any CPU
		{710370D1-D225-4F1E-9009-A506B5F9D556}.Release|Any CPU.ActiveCfg = Release|Any CPU
		{710370D1-D225-4F1E-9009-A506B5F9D556}.Release|Any CPU.Build.0 = Release|Any CPU
		{BF36BFE0-F692-47FE-AA0B-CFE5331FE5E3}.Debug|Any CPU.ActiveCfg = Debug|Any CPU
		{BF36BFE0-F692-47FE-AA0B-CFE5331FE5E3}.Debug|Any CPU.Build.0 = Debug|Any CPU
		{BF36BFE0-F692-47FE-AA0B-CFE5331FE5E3}.Release|Any CPU.ActiveCfg = Release|Any CPU
		{BF36BFE0-F692-47FE-AA0B-CFE5331FE5E3}.Release|Any CPU.Build.0 = Release|Any CPU
		{F7012638-1953-4B8F-AFD5-FBDF840A205B}.Debug|Any CPU.ActiveCfg = Debug|Any CPU
		{F7012638-1953-4B8F-AFD5-FBDF840A205B}.Debug|Any CPU.Build.0 = Debug|Any CPU
		{F7012638-1953-4B8F-AFD5-FBDF840A205B}.Release|Any CPU.ActiveCfg = Release|Any CPU
		{F7012638-1953-4B8F-AFD5-FBDF840A205B}.Release|Any CPU.Build.0 = Release|Any CPU
		{AA6DFEBB-AC3E-4445-89A5-9466EF6A659E}.Debug|Any CPU.ActiveCfg = Debug|Any CPU
		{AA6DFEBB-AC3E-4445-89A5-9466EF6A659E}.Debug|Any CPU.Build.0 = Debug|Any CPU
		{AA6DFEBB-AC3E-4445-89A5-9466EF6A659E}.Release|Any CPU.ActiveCfg = Release|Any CPU
		{AA6DFEBB-AC3E-4445-89A5-9466EF6A659E}.Release|Any CPU.Build.0 = Release|Any CPU
		{683EAD85-4EE8-4DEE-8341-EBEE1656C709}.Debug|Any CPU.ActiveCfg = Debug|Any CPU
		{683EAD85-4EE8-4DEE-8341-EBEE1656C709}.Debug|Any CPU.Build.0 = Debug|Any CPU
		{683EAD85-4EE8-4DEE-8341-EBEE1656C709}.Release|Any CPU.ActiveCfg = Release|Any CPU
		{683EAD85-4EE8-4DEE-8341-EBEE1656C709}.Release|Any CPU.Build.0 = Release|Any CPU
		{75B21926-4886-4679-B06F-E603082DCEB6}.Debug|Any CPU.ActiveCfg = Debug|Any CPU
		{75B21926-4886-4679-B06F-E603082DCEB6}.Debug|Any CPU.Build.0 = Debug|Any CPU
		{75B21926-4886-4679-B06F-E603082DCEB6}.Release|Any CPU.ActiveCfg = Release|Any CPU
		{75B21926-4886-4679-B06F-E603082DCEB6}.Release|Any CPU.Build.0 = Release|Any CPU
		{AF909386-1CB1-4F9C-8EDC-5927D48CE028}.Debug|Any CPU.ActiveCfg = Debug|Any CPU
		{AF909386-1CB1-4F9C-8EDC-5927D48CE028}.Debug|Any CPU.Build.0 = Debug|Any CPU
		{AF909386-1CB1-4F9C-8EDC-5927D48CE028}.Release|Any CPU.ActiveCfg = Release|Any CPU
		{AF909386-1CB1-4F9C-8EDC-5927D48CE028}.Release|Any CPU.Build.0 = Release|Any CPU
		{DD5CE2BE-A9EA-472D-AAC5-112FCF920101}.Debug|Any CPU.ActiveCfg = Debug|Any CPU
		{DD5CE2BE-A9EA-472D-AAC5-112FCF920101}.Debug|Any CPU.Build.0 = Debug|Any CPU
		{DD5CE2BE-A9EA-472D-AAC5-112FCF920101}.Release|Any CPU.ActiveCfg = Release|Any CPU
		{DD5CE2BE-A9EA-472D-AAC5-112FCF920101}.Release|Any CPU.Build.0 = Release|Any CPU
		{A37020BD-6869-45FC-8DF9-E9BA0E6243D2}.Debug|Any CPU.ActiveCfg = Debug|Any CPU
		{A37020BD-6869-45FC-8DF9-E9BA0E6243D2}.Debug|Any CPU.Build.0 = Debug|Any CPU
		{A37020BD-6869-45FC-8DF9-E9BA0E6243D2}.Release|Any CPU.ActiveCfg = Release|Any CPU
		{A37020BD-6869-45FC-8DF9-E9BA0E6243D2}.Release|Any CPU.Build.0 = Release|Any CPU
		{CC813370-7278-4B93-9B72-C5D6F3B473A0}.Debug|Any CPU.ActiveCfg = Debug|Any CPU
		{CC813370-7278-4B93-9B72-C5D6F3B473A0}.Debug|Any CPU.Build.0 = Debug|Any CPU
		{CC813370-7278-4B93-9B72-C5D6F3B473A0}.Release|Any CPU.ActiveCfg = Release|Any CPU
		{CC813370-7278-4B93-9B72-C5D6F3B473A0}.Release|Any CPU.Build.0 = Release|Any CPU
		{74860509-182D-4E81-9C13-0AB77402D6F7}.Debug|Any CPU.ActiveCfg = Debug|Any CPU
		{74860509-182D-4E81-9C13-0AB77402D6F7}.Debug|Any CPU.Build.0 = Debug|Any CPU
		{74860509-182D-4E81-9C13-0AB77402D6F7}.Release|Any CPU.ActiveCfg = Release|Any CPU
		{74860509-182D-4E81-9C13-0AB77402D6F7}.Release|Any CPU.Build.0 = Release|Any CPU
		{93EC864B-BE0E-4877-88DC-2E1621585370}.Debug|Any CPU.ActiveCfg = Debug|Any CPU
		{93EC864B-BE0E-4877-88DC-2E1621585370}.Debug|Any CPU.Build.0 = Debug|Any CPU
		{93EC864B-BE0E-4877-88DC-2E1621585370}.Release|Any CPU.ActiveCfg = Release|Any CPU
		{93EC864B-BE0E-4877-88DC-2E1621585370}.Release|Any CPU.Build.0 = Release|Any CPU
		{D9891A30-9112-4FD0-8242-0191D2A3F3FB}.Debug|Any CPU.ActiveCfg = Debug|Any CPU
		{D9891A30-9112-4FD0-8242-0191D2A3F3FB}.Debug|Any CPU.Build.0 = Debug|Any CPU
		{D9891A30-9112-4FD0-8242-0191D2A3F3FB}.Release|Any CPU.ActiveCfg = Release|Any CPU
		{D9891A30-9112-4FD0-8242-0191D2A3F3FB}.Release|Any CPU.Build.0 = Release|Any CPU
	EndGlobalSection
	GlobalSection(SolutionProperties) = preSolution
		HideSolutionNode = FALSE
	EndGlobalSection
EndGlobal
